
Microsoft Visual Studio Solution File, Format Version 12.00
# Visual Studio Version 16
VisualStudioVersion = 16.0.30611.23
MinimumVisualStudioVersion = 10.0.40219.1
Project("{FAE04EC0-301F-11D3-BF4B-00C04F79EFBC}") = "EFCoreDemo", "EFCoreDemo\EFCoreDemo.csproj", "{913B98EC-7915-4AAA-A1CB-DBD75D58E2CA}"
EndProject
Global
	GlobalSection(SolutionConfigurationPlatforms) = preSolution
		Debug|Any CPU = Debug|Any CPU
		Release|Any CPU = Release|Any CPU
	EndGlobalSection
	GlobalSection(ProjectConfigurationPlatforms) = postSolution
		{913B98EC-7915-4AAA-A1CB-DBD75D58E2CA}.Debug|Any CPU.ActiveCfg = Debug|Any CPU
		{913B98EC-7915-4AAA-A1CB-DBD75D58E2CA}.Debug|Any CPU.Build.0 = Debug|Any CPU
		{913B98EC-7915-4AAA-A1CB-DBD75D58E2CA}.Release|Any CPU.ActiveCfg = Release|Any CPU
		{913B98EC-7915-4AAA-A1CB-DBD75D58E2CA}.Release|Any CPU.Build.0 = Release|Any CPU
	EndGlobalSection
	GlobalSection(SolutionProperties) = preSolution
		HideSolutionNode = FALSE
	EndGlobalSection
	GlobalSection(ExtensibilityGlobals) = postSolution
		SolutionGuid = {0C843CAD-F2F8-4842-8ADC-30E55BCFA738}
	EndGlobalSection
EndGlobal
